// !$*UTF8*$!
{
	archiveVersion = 1;
	classes = {
	};
	objectVersion = 48;
	objects = {

/* Begin PBXBuildFile section */
		2D2B44F91F5D18D200DFAA0E /* AppDelegate.m in Sources */ = {isa = PBXBuildFile; fileRef = 2D2B44F81F5D18D200DFAA0E /* AppDelegate.m */; };
		2D2B44FC1F5D18D200DFAA0E /* ViewController.m in Sources */ = {isa = PBXBuildFile; fileRef = 2D2B44FB1F5D18D200DFAA0E /* ViewController.m */; };
		2D2B44FF1F5D18D200DFAA0E /* Main.storyboard in Resources */ = {isa = PBXBuildFile; fileRef = 2D2B44FD1F5D18D200DFAA0E /* Main.storyboard */; };
		2D2B45011F5D18D200DFAA0E /* Assets.xcassets in Resources */ = {isa = PBXBuildFile; fileRef = 2D2B45001F5D18D200DFAA0E /* Assets.xcassets */; };
		2D2B45041F5D18D200DFAA0E /* LaunchScreen.storyboard in Resources */ = {isa = PBXBuildFile; fileRef = 2D2B45021F5D18D200DFAA0E /* LaunchScreen.storyboard */; };
		2D2B45071F5D18D200DFAA0E /* main.m in Sources */ = {isa = PBXBuildFile; fileRef = 2D2B45061F5D18D200DFAA0E /* main.m */; };
		2D2B45111F5D1A1D00DFAA0E /* IIFishBind.m in Sources */ = {isa = PBXBuildFile; fileRef = 2D2B45101F5D1A1D00DFAA0E /* IIFishBind.m */; };
/* End PBXBuildFile section */

/* Begin PBXFileReference section */
		2D2B44F41F5D18D200DFAA0E /* FishBindDemo.app */ = {isa = PBXFileReference; explicitFileType = wrapper.application; includeInIndex = 0; path = FishBindDemo.app; sourceTree = BUILT_PRODUCTS_DIR; };
		2D2B44F71F5D18D200DFAA0E /* AppDelegate.h */ = {isa = PBXFileReference; lastKnownFileType = sourcecode.c.h; path = AppDelegate.h; sourceTree = "<group>"; };
		2D2B44F81F5D18D200DFAA0E /* AppDelegate.m */ = {isa = PBXFileReference; lastKnownFileType = sourcecode.c.objc; path = AppDelegate.m; sourceTree = "<group>"; };
		2D2B44FA1F5D18D200DFAA0E /* ViewController.h */ = {isa = PBXFileReference; lastKnownFileType = sourcecode.c.h; path = ViewController.h; sourceTree = "<group>"; };
		2D2B44FB1F5D18D200DFAA0E /* ViewController.m */ = {isa = PBXFileReference; lastKnownFileType = sourcecode.c.objc; path = ViewController.m; sourceTree = "<group>"; };
		2D2B44FE1F5D18D200DFAA0E /* Base */ = {isa = PBXFileReference; lastKnownFileType = file.storyboard; name = Base; path = Base.lproj/Main.storyboard; sourceTree = "<group>"; };
		2D2B45001F5D18D200DFAA0E /* Assets.xcassets */ = {isa = PBXFileReference; lastKnownFileType = folder.assetcatalog; path = Assets.xcassets; sourceTree = "<group>"; };
		2D2B45031F5D18D200DFAA0E /* Base */ = {isa = PBXFileReference; lastKnownFileType = file.storyboard; name = Base; path = Base.lproj/LaunchScreen.storyboard; sourceTree = "<group>"; };
		2D2B45051F5D18D200DFAA0E /* Info.plist */ = {isa = PBXFileReference; lastKnownFileType = text.plist.xml; path = Info.plist; sourceTree = "<group>"; };
		2D2B45061F5D18D200DFAA0E /* main.m */ = {isa = PBXFileReference; lastKnownFileType = sourcecode.c.objc; path = main.m; sourceTree = "<group>"; };
		2D2B450F1F5D1A1D00DFAA0E /* IIFishBind.h */ = {isa = PBXFileReference; lastKnownFileType = sourcecode.c.h; path = IIFishBind.h; sourceTree = "<group>"; };
		2D2B45101F5D1A1D00DFAA0E /* IIFishBind.m */ = {isa = PBXFileReference; lastKnownFileType = sourcecode.c.objc; path = IIFishBind.m; sourceTree = "<group>"; };
/* End PBXFileReference section */

/* Begin PBXFrameworksBuildPhase section */
		2D2B44F11F5D18D200DFAA0E /* Frameworks */ = {
			isa = PBXFrameworksBuildPhase;
			buildActionMask = 2147483647;
			files = (
			);
			runOnlyForDeploymentPostprocessing = 0;
		};
/* End PBXFrameworksBuildPhase section */

/* Begin PBXGroup section */
		2D2B44EB1F5D18D200DFAA0E = {
			isa = PBXGroup;
			children = (
				2D2B44F61F5D18D200DFAA0E /* FishBindDemo */,
				2D2B44F51F5D18D200DFAA0E /* Products */,
			);
			sourceTree = "<group>";
		};
		2D2B44F51F5D18D200DFAA0E /* Products */ = {
			isa = PBXGroup;
			children = (
				2D2B44F41F5D18D200DFAA0E /* FishBindDemo.app */,
			);
			name = Products;
			sourceTree = "<group>";
		};
		2D2B44F61F5D18D200DFAA0E /* FishBindDemo */ = {
			isa = PBXGroup;
			children = (
				2D2B450E1F5D19A800DFAA0E /* FishBind */,
				2D2B44F71F5D18D200DFAA0E /* AppDelegate.h */,
				2D2B44F81F5D18D200DFAA0E /* AppDelegate.m */,
				2D2B44FA1F5D18D200DFAA0E /* ViewController.h */,
				2D2B44FB1F5D18D200DFAA0E /* ViewController.m */,
				2D2B44FD1F5D18D200DFAA0E /* Main.storyboard */,
				2D2B45001F5D18D200DFAA0E /* Assets.xcassets */,
				2D2B45021F5D18D200DFAA0E /* LaunchScreen.storyboard */,
				2D2B45051F5D18D200DFAA0E /* Info.plist */,
				2D2B45061F5D18D200DFAA0E /* main.m */,
			);
			path = FishBindDemo;
			sourceTree = "<group>";
		};
		2D2B450E1F5D19A800DFAA0E /* FishBind */ = {
			isa = PBXGroup;
			children = (
				2D2B450F1F5D1A1D00DFAA0E /* IIFishBind.h */,
				2D2B45101F5D1A1D00DFAA0E /* IIFishBind.m */,
			);
			path = FishBind;
			sourceTree = SOURCE_ROOT;
		};
/* End PBXGroup section */

/* Begin PBXNativeTarget section */
		2D2B44F31F5D18D200DFAA0E /* FishBindDemo */ = {
			isa = PBXNativeTarget;
			buildConfigurationList = 2D2B450A1F5D18D200DFAA0E /* Build configuration list for PBXNativeTarget "FishBindDemo" */;
			buildPhases = (
				2D2B44F01F5D18D200DFAA0E /* Sources */,
				2D2B44F11F5D18D200DFAA0E /* Frameworks */,
				2D2B44F21F5D18D200DFAA0E /* Resources */,
			);
			buildRules = (
			);
			dependencies = (
			);
			name = FishBindDemo;
			productName = FishBindDemo;
			productReference = 2D2B44F41F5D18D200DFAA0E /* FishBindDemo.app */;
			productType = "com.apple.product-type.application";
		};
/* End PBXNativeTarget section */

/* Begin PBXProject section */
		2D2B44EC1F5D18D200DFAA0E /* Project object */ = {
			isa = PBXProject;
			attributes = {
				LastUpgradeCheck = 0900;
				ORGANIZATIONNAME = WELCommand;
				TargetAttributes = {
					2D2B44F31F5D18D200DFAA0E = {
						CreatedOnToolsVersion = 9.0;
						ProvisioningStyle = Automatic;
					};
				};
			};
			buildConfigurationList = 2D2B44EF1F5D18D200DFAA0E /* Build configuration list for PBXProject "FishBindDemo" */;
			compatibilityVersion = "Xcode 8.0";
			developmentRegion = en;
			hasScannedForEncodings = 0;
			knownRegions = (
				en,
				Base,
			);
			mainGroup = 2D2B44EB1F5D18D200DFAA0E;
			productRefGroup = 2D2B44F51F5D18D200DFAA0E /* Products */;
			projectDirPath = "";
			projectRoot = "";
			targets = (
				2D2B44F31F5D18D200DFAA0E /* FishBindDemo */,
			);
		};
/* End PBXProject section */

/* Begin PBXResourcesBuildPhase section */
		2D2B44F21F5D18D200DFAA0E /* Resources */ = {
			isa = PBXResourcesBuildPhase;
			buildActionMask = 2147483647;
			files = (
				2D2B45041F5D18D200DFAA0E /* LaunchScreen.storyboard in Resources */,
				2D2B45011F5D18D200DFAA0E /* Assets.xcassets in Resources */,
				2D2B44FF1F5D18D200DFAA0E /* Main.storyboard in Resources */,
			);
			runOnlyForDeploymentPostprocessing = 0;
		};
/* End PBXResourcesBuildPhase section */

/* Begin PBXSourcesBuildPhase section */
		2D2B44F01F5D18D200DFAA0E /* Sources */ = {
			isa = PBXSourcesBuildPhase;
			buildActionMask = 2147483647;
			files = (
				2D2B45111F5D1A1D00DFAA0E /* IIFishBind.m in Sources */,
				2D2B44FC1F5D18D200DFAA0E /* ViewController.m in Sources */,
				2D2B45071F5D18D200DFAA0E /* main.m in Sources */,
				2D2B44F91F5D18D200DFAA0E /* AppDelegate.m in Sources */,
			);
			runOnlyForDeploymentPostprocessing = 0;
		};
/* End PBXSourcesBuildPhase section */

/* Begin PBXVariantGroup section */
		2D2B44FD1F5D18D200DFAA0E /* Main.storyboard */ = {
			isa = PBXVariantGroup;
			children = (
				2D2B44FE1F5D18D200DFAA0E /* Base */,
			);
			name = Main.storyboard;
			sourceTree = "<group>";
		};
		2D2B45021F5D18D200DFAA0E /* LaunchScreen.storyboard */ = {
			isa = PBXVariantGroup;
			children = (
				2D2B45031F5D18D200DFAA0E /* Base */,
			);
			name = LaunchScreen.storyboard;
			sourceTree = "<group>";
		};
/* End PBXVariantGroup section */

/* Begin XCBuildConfiguration section */
		2D2B45081F5D18D200DFAA0E /* Debug */ = {
			isa = XCBuildConfiguration;
			buildSettings = {
				ALWAYS_SEARCH_USER_PATHS = NO;
				CLANG_ANALYZER_NONNULL = YES;
				CLANG_ANALYZER_NUMBER_OBJECT_CONVERSION = YES_AGGRESSIVE;
				CLANG_CXX_LANGUAGE_STANDARD = "gnu++14";
				CLANG_CXX_LIBRARY = "libc++";
				CLANG_ENABLE_MODULES = YES;
				CLANG_ENABLE_OBJC_ARC = YES;
				CLANG_WARN_BLOCK_CAPTURE_AUTORELEASING = YES;
				CLANG_WARN_BOOL_CONVERSION = YES;
				CLANG_WARN_COMMA = YES;
				CLANG_WARN_CONSTANT_CONVERSION = YES;
				CLANG_WARN_DIRECT_OBJC_ISA_USAGE = YES_ERROR;
				CLANG_WARN_DOCUMENTATION_COMMENTS = YES;
				CLANG_WARN_EMPTY_BODY = YES;
				CLANG_WARN_ENUM_CONVERSION = YES;
				CLANG_WARN_INFINITE_RECURSION = YES;
				CLANG_WARN_INT_CONVERSION = YES;
				CLANG_WARN_NON_LITERAL_NULL_CONVERSION = YES;
				CLANG_WARN_OBJC_LITERAL_CONVERSION = YES;
				CLANG_WARN_OBJC_ROOT_CLASS = YES_ERROR;
				CLANG_WARN_RANGE_LOOP_ANALYSIS = YES;
				CLANG_WARN_STRICT_PROTOTYPES = YES;
				CLANG_WARN_SUSPICIOUS_MOVE = YES;
				CLANG_WARN_UNGUARDED_AVAILABILITY = YES_AGGRESSIVE;
				CLANG_WARN_UNREACHABLE_CODE = YES;
				CLANG_WARN__DUPLICATE_METHOD_MATCH = YES;
				CODE_SIGN_IDENTITY = "iPhone Developer";
				COPY_PHASE_STRIP = NO;
				DEBUG_INFORMATION_FORMAT = dwarf;
				ENABLE_STRICT_OBJC_MSGSEND = YES;
				ENABLE_TESTABILITY = YES;
				GCC_C_LANGUAGE_STANDARD = gnu11;
				GCC_DYNAMIC_NO_PIC = NO;
				GCC_NO_COMMON_BLOCKS = YES;
				GCC_OPTIMIZATION_LEVEL = 0;
				GCC_PREPROCESSOR_DEFINITIONS = (
					"DEBUG=1",
					"$(inherited)",
				);
				GCC_WARN_64_TO_32_BIT_CONVERSION = YES;
				GCC_WARN_ABOUT_RETURN_TYPE = YES_ERROR;
				GCC_WARN_UNDECLARED_SELECTOR = YES;
				GCC_WARN_UNINITIALIZED_AUTOS = YES_AGGRESSIVE;
				GCC_WARN_UNUSED_FUNCTION = YES;
				GCC_WARN_UNUSED_VARIABLE = YES;
				IPHONEOS_DEPLOYMENT_TARGET = 10.0;
				MTL_ENABLE_DEBUG_INFO = YES;
				ONLY_ACTIVE_ARCH = YES;
				SDKROOT = iphoneos;
			};
			name = Debug;
		};
		2D2B45091F5D18D200DFAA0E /* Release */ = {
			isa = XCBuildConfiguration;
			buildSettings = {
				ALWAYS_SEARCH_USER_PATHS = NO;
				CLANG_ANALYZER_NONNULL = YES;
				CLANG_ANALYZER_NUMBER_OBJECT_CONVERSION = YES_AGGRESSIVE;
				CLANG_CXX_LANGUAGE_STANDARD = "gnu++14";
				CLANG_CXX_LIBRARY = "libc++";
				CLANG_ENABLE_MODULES = YES;
				CLANG_ENABLE_OBJC_ARC = YES;
				CLANG_WARN_BLOCK_CAPTURE_AUTORELEASING = YES;
				CLANG_WARN_BOOL_CONVERSION = YES;
				CLANG_WARN_COMMA = YES;
				CLANG_WARN_CONSTANT_CONVERSION = YES;
				CLANG_WARN_DIRECT_OBJC_ISA_USAGE = YES_ERROR;
				CLANG_WARN_DOCUMENTATION_COMMENTS = YES;
				CLANG_WARN_EMPTY_BODY = YES;
				CLANG_WARN_ENUM_CONVERSION = YES;
				CLANG_WARN_INFINITE_RECURSION = YES;
				CLANG_WARN_INT_CONVERSION = YES;
				CLANG_WARN_NON_LITERAL_NULL_CONVERSION = YES;
				CLANG_WARN_OBJC_LITERAL_CONVERSION = YES;
				CLANG_WARN_OBJC_ROOT_CLASS = YES_ERROR;
				CLANG_WARN_RANGE_LOOP_ANALYSIS = YES;
				CLANG_WARN_STRICT_PROTOTYPES = YES;
				CLANG_WARN_SUSPICIOUS_MOVE = YES;
				CLANG_WARN_UNGUARDED_AVAILABILITY = YES_AGGRESSIVE;
				CLANG_WARN_UNREACHABLE_CODE = YES;
				CLANG_WARN__DUPLICATE_METHOD_MATCH = YES;
				CODE_SIGN_IDENTITY = "iPhone Developer";
				COPY_PHASE_STRIP = NO;
				DEBUG_INFORMATION_FORMAT = "dwarf-with-dsym";
				ENABLE_NS_ASSERTIONS = NO;
				ENABLE_STRICT_OBJC_MSGSEND = YES;
				GCC_C_LANGUAGE_STANDARD = gnu11;
				GCC_NO_COMMON_BLOCKS = YES;
				GCC_WARN_64_TO_32_BIT_CONVERSION = YES;
				GCC_WARN_ABOUT_RETURN_TYPE = YES_ERROR;
				GCC_WARN_UNDECLARED_SELECTOR = YES;
				GCC_WARN_UNINITIALIZED_AUTOS = YES_AGGRESSIVE;
				GCC_WARN_UNUSED_FUNCTION = YES;
				GCC_WARN_UNUSED_VARIABLE = YES;
				IPHONEOS_DEPLOYMENT_TARGET = 10.0;
				MTL_ENABLE_DEBUG_INFO = NO;
				SDKROOT = iphoneos;
				VALIDATE_PRODUCT = YES;
			};
			name = Release;
		};
		2D2B450B1F5D18D200DFAA0E /* Debug */ = {
			isa = XCBuildConfiguration;
			buildSettings = {
				ASSETCATALOG_COMPILER_APPICON_NAME = AppIcon;
				CODE_SIGN_STYLE = Automatic;
				INFOPLIST_FILE = FishBindDemo/Info.plist;
				IPHONEOS_DEPLOYMENT_TARGET = 10.0;
				LD_RUNPATH_SEARCH_PATHS = "$(inherited) @executable_path/Frameworks";
				PRODUCT_BUNDLE_IDENTIFIER = WELCommand.FishBindDemo;
				PRODUCT_NAME = "$(TARGET_NAME)";
				TARGETED_DEVICE_FAMILY = "1,2";
			};
			name = Debug;
		};
		2D2B450C1F5D18D200DFAA0E /* Release */ = {
			isa = XCBuildConfiguration;
			buildSettings = {
				ASSETCATALOG_COMPILER_APPICON_NAME = AppIcon;
				CODE_SIGN_STYLE = Automatic;
				INFOPLIST_FILE = FishBindDemo/Info.plist;
				IPHONEOS_DEPLOYMENT_TARGET = 10.0;
				LD_RUNPATH_SEARCH_PATHS = "$(inherited) @executable_path/Frameworks";
				PRODUCT_BUNDLE_IDENTIFIER = WELCommand.FishBindDemo;
				PRODUCT_NAME = "$(TARGET_NAME)";
				TARGETED_DEVICE_FAMILY = "1,2";
			};
			name = Release;
		};
/* End XCBuildConfiguration section */

/* Begin XCConfigurationList section */
		2D2B44EF1F5D18D200DFAA0E /* Build configuration list for PBXProject "FishBindDemo" */ = {
			isa = XCConfigurationList;
			buildConfigurations = (
				2D2B45081F5D18D200DFAA0E /* Debug */,
				2D2B45091F5D18D200DFAA0E /* Release */,
			);
			defaultConfigurationIsVisible = 0;
			defaultConfigurationName = Release;
		};
		2D2B450A1F5D18D200DFAA0E /* Build configuration list for PBXNativeTarget "FishBindDemo" */ = {
			isa = XCConfigurationList;
			buildConfigurations = (
				2D2B450B1F5D18D200DFAA0E /* Debug */,
				2D2B450C1F5D18D200DFAA0E /* Release */,
			);
			defaultConfigurationIsVisible = 0;
			defaultConfigurationName = Release;
		};
/* End XCConfigurationList section */
	};
	rootObject = 2D2B44EC1F5D18D200DFAA0E /* Project object */;
}
